
Microsoft Visual Studio Solution File, Format Version 12.00
# Visual Studio Version 17
VisualStudioVersion = 17.3.32825.248
MinimumVisualStudioVersion = 10.0.40219.1
Project("{FAE04EC0-301F-11D3-BF4B-00C04F79EFBC}") = "OBG1", "OBG1\OBG1.csproj", "{ADCB6D5D-A60A-4D0F-B569-505F2838DE9F}"
EndProject
Project("{FAE04EC0-301F-11D3-BF4B-00C04F79EFBC}") = "BookTest", "BookTest\BookTest.csproj", "{9DBBB818-738E-4219-8C29-560A5C595080}"
EndProject
Global
	GlobalSection(SolutionConfigurationPlatforms) = preSolution
		Debug|Any CPU = Debug|Any CPU
		Release|Any CPU = Release|Any CPU
	EndGlobalSection
	GlobalSection(ProjectConfigurationPlatforms) = postSolution
		{ADCB6D5D-A60A-4D0F-B569-505F2838DE9F}.Debug|Any CPU.ActiveCfg = Debug|Any CPU
		{ADCB6D5D-A60A-4D0F-B569-505F2838DE9F}.Debug|Any CPU.Build.0 = Debug|Any CPU
		{ADCB6D5D-A60A-4D0F-B569-505F2838DE9F}.Release|Any CPU.ActiveCfg = Release|Any CPU
		{ADCB6D5D-A60A-4D0F-B569-505F2838DE9F}.Release|Any CPU.Build.0 = Release|Any CPU
		{9DBBB818-738E-4219-8C29-560A5C595080}.Debug|Any CPU.ActiveCfg = Debug|Any CPU
		{9DBBB818-738E-4219-8C29-560A5C595080}.Debug|Any CPU.Build.0 = Debug|Any CPU
		{9DBBB818-738E-4219-8C29-560A5C595080}.Release|Any CPU.ActiveCfg = Release|Any CPU
		{9DBBB818-738E-4219-8C29-560A5C595080}.Release|Any CPU.Build.0 = Release|Any CPU
	EndGlobalSection
	GlobalSection(SolutionProperties) = preSolution
		HideSolutionNode = FALSE
	EndGlobalSection
	GlobalSection(ExtensibilityGlobals) = postSolution
		SolutionGuid = {5D824B85-A635-4611-B721-DBE4402C116B}
	EndGlobalSection
EndGlobal
